
Microsoft Visual Studio Solution File, Format Version 12.00
# Visual Studio 15
VisualStudioVersion = 15.0.26124.0
MinimumVisualStudioVersion = 15.0.26124.0
Project("{2150E333-8FDC-42A3-9474-1A3956D46DE8}") = "src", "src", "{69C8A7C9-4CDC-47A7-9A5C-C1A6E33A5EBF}"
EndProject
Project("{FAE04EC0-301F-11D3-BF4B-00C04F79EFBC}") = "Flip.Core", "src\Flip.Core\Flip.Core.csproj", "{130FB763-B428-432F-9E74-18817BC2740E}"
EndProject
Project("{FAE04EC0-301F-11D3-BF4B-00C04F79EFBC}") = "Flip.Host", "src\Flip.Host\Flip.Host.csproj", "{BF769EB5-DD76-4117-9514-E0295C145635}"
EndProject
Global
	GlobalSection(SolutionConfigurationPlatforms) = preSolution
		Debug|Any CPU = Debug|Any CPU
		Debug|x64 = Debug|x64
		Debug|x86 = Debug|x86
		Release|Any CPU = Release|Any CPU
		Release|x64 = Release|x64
		Release|x86 = Release|x86
	EndGlobalSection
	GlobalSection(SolutionProperties) = preSolution
		HideSolutionNode = FALSE
	EndGlobalSection
	GlobalSection(ProjectConfigurationPlatforms) = postSolution
		{130FB763-B428-432F-9E74-18817BC2740E}.Debug|Any CPU.ActiveCfg = Debug|Any CPU
		{130FB763-B428-432F-9E74-18817BC2740E}.Debug|Any CPU.Build.0 = Debug|Any CPU
		{130FB763-B428-432F-9E74-18817BC2740E}.Debug|x64.ActiveCfg = Debug|Any CPU
		{130FB763-B428-432F-9E74-18817BC2740E}.Debug|x64.Build.0 = Debug|Any CPU
		{130FB763-B428-432F-9E74-18817BC2740E}.Debug|x86.ActiveCfg = Debug|Any CPU
		{130FB763-B428-432F-9E74-18817BC2740E}.Debug|x86.Build.0 = Debug|Any CPU
		{130FB763-B428-432F-9E74-18817BC2740E}.Release|Any CPU.ActiveCfg = Release|Any CPU
		{130FB763-B428-432F-9E74-18817BC2740E}.Release|Any CPU.Build.0 = Release|Any CPU
		{130FB763-B428-432F-9E74-18817BC2740E}.Release|x64.ActiveCfg = Release|Any CPU
		{130FB763-B428-432F-9E74-18817BC2740E}.Release|x64.Build.0 = Release|Any CPU
		{130FB763-B428-432F-9E74-18817BC2740E}.Release|x86.ActiveCfg = Release|Any CPU
		{130FB763-B428-432F-9E74-18817BC2740E}.Release|x86.Build.0 = Release|Any CPU
		{BF769EB5-DD76-4117-9514-E0295C145635}.Debug|Any CPU.ActiveCfg = Debug|Any CPU
		{BF769EB5-DD76-4117-9514-E0295C145635}.Debug|Any CPU.Build.0 = Debug|Any CPU
		{BF769EB5-DD76-4117-9514-E0295C145635}.Debug|x64.ActiveCfg = Debug|Any CPU
		{BF769EB5-DD76-4117-9514-E0295C145635}.Debug|x64.Build.0 = Debug|Any CPU
		{BF769EB5-DD76-4117-9514-E0295C145635}.Debug|x86.ActiveCfg = Debug|Any CPU
		{BF769EB5-DD76-4117-9514-E0295C145635}.Debug|x86.Build.0 = Debug|Any CPU
		{BF769EB5-DD76-4117-9514-E0295C145635}.Release|Any CPU.ActiveCfg = Release|Any CPU
		{BF769EB5-DD76-4117-9514-E0295C145635}.Release|Any CPU.Build.0 = Release|Any CPU
		{BF769EB5-DD76-4117-9514-E0295C145635}.Release|x64.ActiveCfg = Release|Any CPU
		{BF769EB5-DD76-4117-9514-E0295C145635}.Release|x64.Build.0 = Release|Any CPU
		{BF769EB5-DD76-4117-9514-E0295C145635}.Release|x86.ActiveCfg = Release|Any CPU
		{BF769EB5-DD76-4117-9514-E0295C145635}.Release|x86.Build.0 = Release|Any CPU
	EndGlobalSection
	GlobalSection(NestedProjects) = preSolution
		{130FB763-B428-432F-9E74-18817BC2740E} = {69C8A7C9-4CDC-47A7-9A5C-C1A6E33A5EBF}
		{BF769EB5-DD76-4117-9514-E0295C145635} = {69C8A7C9-4CDC-47A7-9A5C-C1A6E33A5EBF}
	EndGlobalSection
EndGlobal
